// !$*UTF8*$!
{
	archiveVersion = 1;
	classes = {
	};
	objectVersion = 56;
	objects = {

/* Begin PBXBuildFile section */
		330EEC982A2DFC1C006BA437 /* CustomButton.swift in Sources */ = {isa = PBXBuildFile; fileRef = 330EEC972A2DFC1C006BA437 /* CustomButton.swift */; };
		3355BB952A2E0F0F008C04E8 /* BillCalculatorViewController.swift in Sources */ = {isa = PBXBuildFile; fileRef = 3355BB942A2E0F0F008C04E8 /* BillCalculatorViewController.swift */; };
		3355BB972A2E0F5A008C04E8 /* BillCalculatorResultViewController.swift in Sources */ = {isa = PBXBuildFile; fileRef = 3355BB962A2E0F5A008C04E8 /* BillCalculatorResultViewController.swift */; };
		337089512A137C8E00191ED2 /* A.wav in Resources */ = {isa = PBXBuildFile; fileRef = 3370894A2A137C8E00191ED2 /* A.wav */; };
		337089522A137C8E00191ED2 /* C.wav in Resources */ = {isa = PBXBuildFile; fileRef = 3370894B2A137C8E00191ED2 /* C.wav */; };
		337089532A137C8E00191ED2 /* B.wav in Resources */ = {isa = PBXBuildFile; fileRef = 3370894C2A137C8E00191ED2 /* B.wav */; };
		337089542A137C8E00191ED2 /* F.wav in Resources */ = {isa = PBXBuildFile; fileRef = 3370894D2A137C8E00191ED2 /* F.wav */; };
		337089552A137C8E00191ED2 /* G.wav in Resources */ = {isa = PBXBuildFile; fileRef = 3370894E2A137C8E00191ED2 /* G.wav */; };
		337089562A137C8E00191ED2 /* E.wav in Resources */ = {isa = PBXBuildFile; fileRef = 3370894F2A137C8E00191ED2 /* E.wav */; };
		337089572A137C8E00191ED2 /* D.wav in Resources */ = {isa = PBXBuildFile; fileRef = 337089502A137C8E00191ED2 /* D.wav */; };
		33964FD02A14FD9F00DA2E69 /* EggTimerViewController.swift in Sources */ = {isa = PBXBuildFile; fileRef = 33964FCF2A14FD9F00DA2E69 /* EggTimerViewController.swift */; };
		33A0D4F72A2779FB00057C0D /* QuizzGameTwoViewController.swift in Sources */ = {isa = PBXBuildFile; fileRef = 33A0D4F62A2779FB00057C0D /* QuizzGameTwoViewController.swift */; };
		33A0D4FC2A277A7300057C0D /* Story.swift in Sources */ = {isa = PBXBuildFile; fileRef = 33A0D4FB2A277A7300057C0D /* Story.swift */; };
		33A0D4FE2A277AC700057C0D /* StoryBrain.swift in Sources */ = {isa = PBXBuildFile; fileRef = 33A0D4FD2A277AC700057C0D /* StoryBrain.swift */; };
		33B8384B2A0D105200982627 /* AppDelegate.swift in Sources */ = {isa = PBXBuildFile; fileRef = 33B8384A2A0D105200982627 /* AppDelegate.swift */; };
		33B8384D2A0D105200982627 /* SceneDelegate.swift in Sources */ = {isa = PBXBuildFile; fileRef = 33B8384C2A0D105200982627 /* SceneDelegate.swift */; };
		33B8384F2A0D105200982627 /* ViewController.swift in Sources */ = {isa = PBXBuildFile; fileRef = 33B8384E2A0D105200982627 /* ViewController.swift */; };
		33B838522A0D105200982627 /* Main.storyboard in Resources */ = {isa = PBXBuildFile; fileRef = 33B838502A0D105200982627 /* Main.storyboard */; };
		33B838542A0D105400982627 /* Assets.xcassets in Resources */ = {isa = PBXBuildFile; fileRef = 33B838532A0D105400982627 /* Assets.xcassets */; };
		33B838572A0D105400982627 /* LaunchScreen.storyboard in Resources */ = {isa = PBXBuildFile; fileRef = 33B838552A0D105400982627 /* LaunchScreen.storyboard */; };
		33B8385F2A0D109900982627 /* DiceViewController.swift in Sources */ = {isa = PBXBuildFile; fileRef = 33B8385E2A0D109900982627 /* DiceViewController.swift */; };
		33B838612A0D32F900982627 /* DiamondViewController.swift in Sources */ = {isa = PBXBuildFile; fileRef = 33B838602A0D32F900982627 /* DiamondViewController.swift */; };
		33C5638A2A137B12005477F9 /* XylophoneViewController.swift in Sources */ = {isa = PBXBuildFile; fileRef = 33C563892A137B12005477F9 /* XylophoneViewController.swift */; };
		33D782CA2A1BA72A002DB61A /* Question.swift in Sources */ = {isa = PBXBuildFile; fileRef = 33D782C92A1BA72A002DB61A /* Question.swift */; };
		33D782CE2A1C9FBB002DB61A /* QuizzData.swift in Sources */ = {isa = PBXBuildFile; fileRef = 33D782CD2A1C9FBB002DB61A /* QuizzData.swift */; };
		33F1C26B2A288A1F00086322 /* BmiCalculatorViewController.swift in Sources */ = {isa = PBXBuildFile; fileRef = 33F1C26A2A288A1F00086322 /* BmiCalculatorViewController.swift */; };
		33F1C26D2A28E3F900086322 /* ResultBMIViewController.swift in Sources */ = {isa = PBXBuildFile; fileRef = 33F1C26C2A28E3F900086322 /* ResultBMIViewController.swift */; };
		33F1C2702A29C10700086322 /* BmiCalculatorBrain.swift in Sources */ = {isa = PBXBuildFile; fileRef = 33F1C26F2A29C10700086322 /* BmiCalculatorBrain.swift */; };
		33F1C2722A29E61500086322 /* BMI.swift in Sources */ = {isa = PBXBuildFile; fileRef = 33F1C2712A29E61500086322 /* BMI.swift */; };
		33F3731D2A165A9B00391035 /* alarm_sound.mp3 in Resources */ = {isa = PBXBuildFile; fileRef = 33F3731C2A165A9A00391035 /* alarm_sound.mp3 */; };
		33F3731F2A16649800391035 /* QuizzlerViewController.swift in Sources */ = {isa = PBXBuildFile; fileRef = 33F3731E2A16649800391035 /* QuizzlerViewController.swift */; };
		33FD8A9F2A12621200488470 /* EightBallViewController.swift in Sources */ = {isa = PBXBuildFile; fileRef = 33FD8A9E2A12621200488470 /* EightBallViewController.swift */; };
/* End PBXBuildFile section */

/* Begin PBXFileReference section */
		330EEC972A2DFC1C006BA437 /* CustomButton.swift */ = {isa = PBXFileReference; lastKnownFileType = sourcecode.swift; path = CustomButton.swift; sourceTree = "<group>"; };
		3355BB942A2E0F0F008C04E8 /* BillCalculatorViewController.swift */ = {isa = PBXFileReference; lastKnownFileType = sourcecode.swift; path = BillCalculatorViewController.swift; sourceTree = "<group>"; };
		3355BB962A2E0F5A008C04E8 /* BillCalculatorResultViewController.swift */ = {isa = PBXFileReference; lastKnownFileType = sourcecode.swift; path = BillCalculatorResultViewController.swift; sourceTree = "<group>"; };
		3370894A2A137C8E00191ED2 /* A.wav */ = {isa = PBXFileReference; lastKnownFileType = audio.wav; path = A.wav; sourceTree = "<group>"; };
		3370894B2A137C8E00191ED2 /* C.wav */ = {isa = PBXFileReference; lastKnownFileType = audio.wav; path = C.wav; sourceTree = "<group>"; };
		3370894C2A137C8E00191ED2 /* B.wav */ = {isa = PBXFileReference; lastKnownFileType = audio.wav; path = B.wav; sourceTree = "<group>"; };
		3370894D2A137C8E00191ED2 /* F.wav */ = {isa = PBXFileReference; lastKnownFileType = audio.wav; path = F.wav; sourceTree = "<group>"; };
		3370894E2A137C8E00191ED2 /* G.wav */ = {isa = PBXFileReference; lastKnownFileType = audio.wav; path = G.wav; sourceTree = "<group>"; };
		3370894F2A137C8E00191ED2 /* E.wav */ = {isa = PBXFileReference; lastKnownFileType = audio.wav; path = E.wav; sourceTree = "<group>"; };
		337089502A137C8E00191ED2 /* D.wav */ = {isa = PBXFileReference; lastKnownFileType = audio.wav; path = D.wav; sourceTree = "<group>"; };
		33964FCF2A14FD9F00DA2E69 /* EggTimerViewController.swift */ = {isa = PBXFileReference; lastKnownFileType = sourcecode.swift; path = EggTimerViewController.swift; sourceTree = "<group>"; };
		33A0D4F62A2779FB00057C0D /* QuizzGameTwoViewController.swift */ = {isa = PBXFileReference; lastKnownFileType = sourcecode.swift; path = QuizzGameTwoViewController.swift; sourceTree = "<group>"; };
		33A0D4FB2A277A7300057C0D /* Story.swift */ = {isa = PBXFileReference; lastKnownFileType = sourcecode.swift; path = Story.swift; sourceTree = "<group>"; };
		33A0D4FD2A277AC700057C0D /* StoryBrain.swift */ = {isa = PBXFileReference; lastKnownFileType = sourcecode.swift; path = StoryBrain.swift; sourceTree = "<group>"; };
		33B838472A0D105200982627 /* iOS-AllFuncs.app */ = {isa = PBXFileReference; explicitFileType = wrapper.application; includeInIndex = 0; path = "iOS-AllFuncs.app"; sourceTree = BUILT_PRODUCTS_DIR; };
		33B8384A2A0D105200982627 /* AppDelegate.swift */ = {isa = PBXFileReference; lastKnownFileType = sourcecode.swift; path = AppDelegate.swift; sourceTree = "<group>"; };
		33B8384C2A0D105200982627 /* SceneDelegate.swift */ = {isa = PBXFileReference; lastKnownFileType = sourcecode.swift; path = SceneDelegate.swift; sourceTree = "<group>"; };
		33B8384E2A0D105200982627 /* ViewController.swift */ = {isa = PBXFileReference; lastKnownFileType = sourcecode.swift; path = ViewController.swift; sourceTree = "<group>"; };
		33B838512A0D105200982627 /* Base */ = {isa = PBXFileReference; lastKnownFileType = file.storyboard; name = Base; path = Base.lproj/Main.storyboard; sourceTree = "<group>"; };
		33B838532A0D105400982627 /* Assets.xcassets */ = {isa = PBXFileReference; lastKnownFileType = folder.assetcatalog; path = Assets.xcassets; sourceTree = "<group>"; };
		33B838562A0D105400982627 /* Base */ = {isa = PBXFileReference; lastKnownFileType = file.storyboard; name = Base; path = Base.lproj/LaunchScreen.storyboard; sourceTree = "<group>"; };
		33B838582A0D105400982627 /* Info.plist */ = {isa = PBXFileReference; lastKnownFileType = text.plist.xml; path = Info.plist; sourceTree = "<group>"; };
		33B8385E2A0D109900982627 /* DiceViewController.swift */ = {isa = PBXFileReference; lastKnownFileType = sourcecode.swift; path = DiceViewController.swift; sourceTree = "<group>"; };
		33B838602A0D32F900982627 /* DiamondViewController.swift */ = {isa = PBXFileReference; lastKnownFileType = sourcecode.swift; path = DiamondViewController.swift; sourceTree = "<group>"; };
		33C563892A137B12005477F9 /* XylophoneViewController.swift */ = {isa = PBXFileReference; lastKnownFileType = sourcecode.swift; path = XylophoneViewController.swift; sourceTree = "<group>"; };
		33D782C92A1BA72A002DB61A /* Question.swift */ = {isa = PBXFileReference; lastKnownFileType = sourcecode.swift; path = Question.swift; sourceTree = "<group>"; };
		33D782CD2A1C9FBB002DB61A /* QuizzData.swift */ = {isa = PBXFileReference; lastKnownFileType = sourcecode.swift; path = QuizzData.swift; sourceTree = "<group>"; };
		33F1C26A2A288A1F00086322 /* BmiCalculatorViewController.swift */ = {isa = PBXFileReference; lastKnownFileType = sourcecode.swift; path = BmiCalculatorViewController.swift; sourceTree = "<group>"; };
		33F1C26C2A28E3F900086322 /* ResultBMIViewController.swift */ = {isa = PBXFileReference; lastKnownFileType = sourcecode.swift; path = ResultBMIViewController.swift; sourceTree = "<group>"; };
		33F1C26F2A29C10700086322 /* BmiCalculatorBrain.swift */ = {isa = PBXFileReference; lastKnownFileType = sourcecode.swift; path = BmiCalculatorBrain.swift; sourceTree = "<group>"; };
		33F1C2712A29E61500086322 /* BMI.swift */ = {isa = PBXFileReference; lastKnownFileType = sourcecode.swift; path = BMI.swift; sourceTree = "<group>"; };
		33F3731C2A165A9A00391035 /* alarm_sound.mp3 */ = {isa = PBXFileReference; lastKnownFileType = audio.mp3; name = alarm_sound.mp3; path = "../../../../EggTimer-iOS13/EggTimer/alarm_sound.mp3"; sourceTree = "<group>"; };
		33F3731E2A16649800391035 /* QuizzlerViewController.swift */ = {isa = PBXFileReference; lastKnownFileType = sourcecode.swift; path = QuizzlerViewController.swift; sourceTree = "<group>"; };
		33FD8A9E2A12621200488470 /* EightBallViewController.swift */ = {isa = PBXFileReference; lastKnownFileType = sourcecode.swift; path = EightBallViewController.swift; sourceTree = "<group>"; };
/* End PBXFileReference section */

/* Begin PBXFrameworksBuildPhase section */
		33B838442A0D105200982627 /* Frameworks */ = {
			isa = PBXFrameworksBuildPhase;
			buildActionMask = 2147483647;
			files = (
			);
			runOnlyForDeploymentPostprocessing = 0;
		};
/* End PBXFrameworksBuildPhase section */

/* Begin PBXGroup section */
		3355BB932A2E0EA2008C04E8 /* BillSplit */ = {
			isa = PBXGroup;
			children = (
				3355BB942A2E0F0F008C04E8 /* BillCalculatorViewController.swift */,
				3355BB962A2E0F5A008C04E8 /* BillCalculatorResultViewController.swift */,
			);
			path = BillSplit;
			sourceTree = "<group>";
		};
		337089492A137C8E00191ED2 /* Sounds */ = {
			isa = PBXGroup;
			children = (
				33F3731C2A165A9A00391035 /* alarm_sound.mp3 */,
				3370894A2A137C8E00191ED2 /* A.wav */,
				3370894B2A137C8E00191ED2 /* C.wav */,
				3370894C2A137C8E00191ED2 /* B.wav */,
				3370894D2A137C8E00191ED2 /* F.wav */,
				3370894E2A137C8E00191ED2 /* G.wav */,
				3370894F2A137C8E00191ED2 /* E.wav */,
				337089502A137C8E00191ED2 /* D.wav */,
			);
			path = Sounds;
			sourceTree = "<group>";
		};
		33A0D4F82A277A1300057C0D /* QuizzGameTwo */ = {
			isa = PBXGroup;
			children = (
				33A0D4FB2A277A7300057C0D /* Story.swift */,
				33A0D4FD2A277AC700057C0D /* StoryBrain.swift */,
			);
			path = QuizzGameTwo;
			sourceTree = "<group>";
		};
		33A0D4FA2A277A2F00057C0D /* Quizzler */ = {
			isa = PBXGroup;
			children = (
				33D782C92A1BA72A002DB61A /* Question.swift */,
				33D782CD2A1C9FBB002DB61A /* QuizzData.swift */,
			);
			path = Quizzler;
			sourceTree = "<group>";
		};
		33B8383E2A0D105200982627 = {
			isa = PBXGroup;
			children = (
				33B838492A0D105200982627 /* iOS-AllFuncs */,
				33B838482A0D105200982627 /* Products */,
			);
			sourceTree = "<group>";
		};
		33B838482A0D105200982627 /* Products */ = {
			isa = PBXGroup;
			children = (
				33B838472A0D105200982627 /* iOS-AllFuncs.app */,
			);
			name = Products;
			sourceTree = "<group>";
		};
		33B838492A0D105200982627 /* iOS-AllFuncs */ = {
			isa = PBXGroup;
			children = (
				33D782C82A1BA6F4002DB61A /* Models */,
				33B8384A2A0D105200982627 /* AppDelegate.swift */,
				33B8384C2A0D105200982627 /* SceneDelegate.swift */,
				33D782CB2A1C9EF4002DB61A /* Controller */,
				33D782CC2A1C9F05002DB61A /* View */,
				33B838532A0D105400982627 /* Assets.xcassets */,
				33B838552A0D105400982627 /* LaunchScreen.storyboard */,
				33B838582A0D105400982627 /* Info.plist */,
				337089492A137C8E00191ED2 /* Sounds */,
			);
			path = "iOS-AllFuncs";
			sourceTree = "<group>";
		};
		33D782C82A1BA6F4002DB61A /* Models */ = {
			isa = PBXGroup;
			children = (
				3355BB932A2E0EA2008C04E8 /* BillSplit */,
				33F1C26E2A29C0E400086322 /* BmiCalculator */,
				33A0D4F82A277A1300057C0D /* QuizzGameTwo */,
				33A0D4FA2A277A2F00057C0D /* Quizzler */,
				330EEC972A2DFC1C006BA437 /* CustomButton.swift */,
			);
			path = Models;
			sourceTree = "<group>";
		};
		33D782CB2A1C9EF4002DB61A /* Controller */ = {
			isa = PBXGroup;
			children = (
				33F1C2692A2889FC00086322 /* BmiCalculator */,
				33B8384E2A0D105200982627 /* ViewController.swift */,
				33B838602A0D32F900982627 /* DiamondViewController.swift */,
				33B8385E2A0D109900982627 /* DiceViewController.swift */,
				33FD8A9E2A12621200488470 /* EightBallViewController.swift */,
				33964FCF2A14FD9F00DA2E69 /* EggTimerViewController.swift */,
				33C563892A137B12005477F9 /* XylophoneViewController.swift */,
				33F3731E2A16649800391035 /* QuizzlerViewController.swift */,
				33A0D4F62A2779FB00057C0D /* QuizzGameTwoViewController.swift */,
			);
			path = Controller;
			sourceTree = "<group>";
		};
		33D782CC2A1C9F05002DB61A /* View */ = {
			isa = PBXGroup;
			children = (
				33B838502A0D105200982627 /* Main.storyboard */,
			);
			path = View;
			sourceTree = "<group>";
		};
		33F1C2692A2889FC00086322 /* BmiCalculator */ = {
			isa = PBXGroup;
			children = (
				33F1C26A2A288A1F00086322 /* BmiCalculatorViewController.swift */,
				33F1C26C2A28E3F900086322 /* ResultBMIViewController.swift */,
			);
			path = BmiCalculator;
			sourceTree = "<group>";
		};
		33F1C26E2A29C0E400086322 /* BmiCalculator */ = {
			isa = PBXGroup;
			children = (
				33F1C26F2A29C10700086322 /* BmiCalculatorBrain.swift */,
				33F1C2712A29E61500086322 /* BMI.swift */,
			);
			path = BmiCalculator;
			sourceTree = "<group>";
		};
/* End PBXGroup section */

/* Begin PBXNativeTarget section */
		33B838462A0D105200982627 /* iOS-AllFuncs */ = {
			isa = PBXNativeTarget;
			buildConfigurationList = 33B8385B2A0D105400982627 /* Build configuration list for PBXNativeTarget "iOS-AllFuncs" */;
			buildPhases = (
				33B838432A0D105200982627 /* Sources */,
				33B838442A0D105200982627 /* Frameworks */,
				33B838452A0D105200982627 /* Resources */,
			);
			buildRules = (
			);
			dependencies = (
			);
			name = "iOS-AllFuncs";
			productName = "iOS-AllFuncs";
			productReference = 33B838472A0D105200982627 /* iOS-AllFuncs.app */;
			productType = "com.apple.product-type.application";
		};
/* End PBXNativeTarget section */

/* Begin PBXProject section */
		33B8383F2A0D105200982627 /* Project object */ = {
			isa = PBXProject;
			attributes = {
				BuildIndependentTargetsInParallel = 1;
				LastSwiftUpdateCheck = 1420;
				LastUpgradeCheck = 1420;
				TargetAttributes = {
					33B838462A0D105200982627 = {
						CreatedOnToolsVersion = 14.2;
					};
				};
			};
			buildConfigurationList = 33B838422A0D105200982627 /* Build configuration list for PBXProject "iOS-AllFuncs" */;
			compatibilityVersion = "Xcode 14.0";
			developmentRegion = en;
			hasScannedForEncodings = 0;
			knownRegions = (
				en,
				Base,
			);
			mainGroup = 33B8383E2A0D105200982627;
			productRefGroup = 33B838482A0D105200982627 /* Products */;
			projectDirPath = "";
			projectRoot = "";
			targets = (
				33B838462A0D105200982627 /* iOS-AllFuncs */,
			);
		};
/* End PBXProject section */

/* Begin PBXResourcesBuildPhase section */
		33B838452A0D105200982627 /* Resources */ = {
			isa = PBXResourcesBuildPhase;
			buildActionMask = 2147483647;
			files = (
				337089552A137C8E00191ED2 /* G.wav in Resources */,
				33B838572A0D105400982627 /* LaunchScreen.storyboard in Resources */,
				337089542A137C8E00191ED2 /* F.wav in Resources */,
				33F3731D2A165A9B00391035 /* alarm_sound.mp3 in Resources */,
				33B838542A0D105400982627 /* Assets.xcassets in Resources */,
				337089512A137C8E00191ED2 /* A.wav in Resources */,
				337089532A137C8E00191ED2 /* B.wav in Resources */,
				337089562A137C8E00191ED2 /* E.wav in Resources */,
				337089572A137C8E00191ED2 /* D.wav in Resources */,
				33B838522A0D105200982627 /* Main.storyboard in Resources */,
				337089522A137C8E00191ED2 /* C.wav in Resources */,
			);
			runOnlyForDeploymentPostprocessing = 0;
		};
/* End PBXResourcesBuildPhase section */

/* Begin PBXSourcesBuildPhase section */
		33B838432A0D105200982627 /* Sources */ = {
			isa = PBXSourcesBuildPhase;
			buildActionMask = 2147483647;
			files = (
				33B8384F2A0D105200982627 /* ViewController.swift in Sources */,
				330EEC982A2DFC1C006BA437 /* CustomButton.swift in Sources */,
				33B838612A0D32F900982627 /* DiamondViewController.swift in Sources */,
				33964FD02A14FD9F00DA2E69 /* EggTimerViewController.swift in Sources */,
				33D782CE2A1C9FBB002DB61A /* QuizzData.swift in Sources */,
				33B8384B2A0D105200982627 /* AppDelegate.swift in Sources */,
				33B8384D2A0D105200982627 /* SceneDelegate.swift in Sources */,
				33D782CA2A1BA72A002DB61A /* Question.swift in Sources */,
				33B8385F2A0D109900982627 /* DiceViewController.swift in Sources */,
				33A0D4FC2A277A7300057C0D /* Story.swift in Sources */,
				3355BB952A2E0F0F008C04E8 /* BillCalculatorViewController.swift in Sources */,
				33F1C26B2A288A1F00086322 /* BmiCalculatorViewController.swift in Sources */,
				33F3731F2A16649800391035 /* QuizzlerViewController.swift in Sources */,
				33FD8A9F2A12621200488470 /* EightBallViewController.swift in Sources */,
				33A0D4F72A2779FB00057C0D /* QuizzGameTwoViewController.swift in Sources */,
				33A0D4FE2A277AC700057C0D /* StoryBrain.swift in Sources */,
				33F1C2702A29C10700086322 /* BmiCalculatorBrain.swift in Sources */,
				33F1C26D2A28E3F900086322 /* ResultBMIViewController.swift in Sources */,
				33F1C2722A29E61500086322 /* BMI.swift in Sources */,
				3355BB972A2E0F5A008C04E8 /* BillCalculatorResultViewController.swift in Sources */,
				33C5638A2A137B12005477F9 /* XylophoneViewController.swift in Sources */,
			);
			runOnlyForDeploymentPostprocessing = 0;
		};
/* End PBXSourcesBuildPhase section */

/* Begin PBXVariantGroup section */
		33B838502A0D105200982627 /* Main.storyboard */ = {
			isa = PBXVariantGroup;
			children = (
				33B838512A0D105200982627 /* Base */,
			);
			name = Main.storyboard;
			sourceTree = "<group>";
		};
		33B838552A0D105400982627 /* LaunchScreen.storyboard */ = {
			isa = PBXVariantGroup;
			children = (
				33B838562A0D105400982627 /* Base */,
			);
			name = LaunchScreen.storyboard;
			sourceTree = "<group>";
		};
/* End PBXVariantGroup section */

/* Begin XCBuildConfiguration section */
		33B838592A0D105400982627 /* Debug */ = {
			isa = XCBuildConfiguration;
			buildSettings = {
				ALWAYS_SEARCH_USER_PATHS = NO;
				CLANG_ANALYZER_NONNULL = YES;
				CLANG_ANALYZER_NUMBER_OBJECT_CONVERSION = YES_AGGRESSIVE;
				CLANG_CXX_LANGUAGE_STANDARD = "gnu++20";
				CLANG_ENABLE_MODULES = YES;
				CLANG_ENABLE_OBJC_ARC = YES;
				CLANG_ENABLE_OBJC_WEAK = YES;
				CLANG_WARN_BLOCK_CAPTURE_AUTORELEASING = YES;
				CLANG_WARN_BOOL_CONVERSION = YES;
				CLANG_WARN_COMMA = YES;
				CLANG_WARN_CONSTANT_CONVERSION = YES;
				CLANG_WARN_DEPRECATED_OBJC_IMPLEMENTATIONS = YES;
				CLANG_WARN_DIRECT_OBJC_ISA_USAGE = YES_ERROR;
				CLANG_WARN_DOCUMENTATION_COMMENTS = YES;
				CLANG_WARN_EMPTY_BODY = YES;
				CLANG_WARN_ENUM_CONVERSION = YES;
				CLANG_WARN_INFINITE_RECURSION = YES;
				CLANG_WARN_INT_CONVERSION = YES;
				CLANG_WARN_NON_LITERAL_NULL_CONVERSION = YES;
				CLANG_WARN_OBJC_IMPLICIT_RETAIN_SELF = YES;
				CLANG_WARN_OBJC_LITERAL_CONVERSION = YES;
				CLANG_WARN_OBJC_ROOT_CLASS = YES_ERROR;
				CLANG_WARN_QUOTED_INCLUDE_IN_FRAMEWORK_HEADER = YES;
				CLANG_WARN_RANGE_LOOP_ANALYSIS = YES;
				CLANG_WARN_STRICT_PROTOTYPES = YES;
				CLANG_WARN_SUSPICIOUS_MOVE = YES;
				CLANG_WARN_UNGUARDED_AVAILABILITY = YES_AGGRESSIVE;
				CLANG_WARN_UNREACHABLE_CODE = YES;
				CLANG_WARN__DUPLICATE_METHOD_MATCH = YES;
				COPY_PHASE_STRIP = NO;
				DEBUG_INFORMATION_FORMAT = dwarf;
				ENABLE_STRICT_OBJC_MSGSEND = YES;
				ENABLE_TESTABILITY = YES;
				GCC_C_LANGUAGE_STANDARD = gnu11;
				GCC_DYNAMIC_NO_PIC = NO;
				GCC_NO_COMMON_BLOCKS = YES;
				GCC_OPTIMIZATION_LEVEL = 0;
				GCC_PREPROCESSOR_DEFINITIONS = (
					"DEBUG=1",
					"$(inherited)",
				);
				GCC_WARN_64_TO_32_BIT_CONVERSION = YES;
				GCC_WARN_ABOUT_RETURN_TYPE = YES_ERROR;
				GCC_WARN_UNDECLARED_SELECTOR = YES;
				GCC_WARN_UNINITIALIZED_AUTOS = YES_AGGRESSIVE;
				GCC_WARN_UNUSED_FUNCTION = YES;
				GCC_WARN_UNUSED_VARIABLE = YES;
				IPHONEOS_DEPLOYMENT_TARGET = 16.2;
				MTL_ENABLE_DEBUG_INFO = INCLUDE_SOURCE;
				MTL_FAST_MATH = YES;
				ONLY_ACTIVE_ARCH = YES;
				SDKROOT = iphoneos;
				SWIFT_ACTIVE_COMPILATION_CONDITIONS = DEBUG;
				SWIFT_OPTIMIZATION_LEVEL = "-Onone";
			};
			name = Debug;
		};
		33B8385A2A0D105400982627 /* Release */ = {
			isa = XCBuildConfiguration;
			buildSettings = {
				ALWAYS_SEARCH_USER_PATHS = NO;
				CLANG_ANALYZER_NONNULL = YES;
				CLANG_ANALYZER_NUMBER_OBJECT_CONVERSION = YES_AGGRESSIVE;
				CLANG_CXX_LANGUAGE_STANDARD = "gnu++20";
				CLANG_ENABLE_MODULES = YES;
				CLANG_ENABLE_OBJC_ARC = YES;
				CLANG_ENABLE_OBJC_WEAK = YES;
				CLANG_WARN_BLOCK_CAPTURE_AUTORELEASING = YES;
				CLANG_WARN_BOOL_CONVERSION = YES;
				CLANG_WARN_COMMA = YES;
				CLANG_WARN_CONSTANT_CONVERSION = YES;
				CLANG_WARN_DEPRECATED_OBJC_IMPLEMENTATIONS = YES;
				CLANG_WARN_DIRECT_OBJC_ISA_USAGE = YES_ERROR;
				CLANG_WARN_DOCUMENTATION_COMMENTS = YES;
				CLANG_WARN_EMPTY_BODY = YES;
				CLANG_WARN_ENUM_CONVERSION = YES;
				CLANG_WARN_INFINITE_RECURSION = YES;
				CLANG_WARN_INT_CONVERSION = YES;
				CLANG_WARN_NON_LITERAL_NULL_CONVERSION = YES;
				CLANG_WARN_OBJC_IMPLICIT_RETAIN_SELF = YES;
				CLANG_WARN_OBJC_LITERAL_CONVERSION = YES;
				CLANG_WARN_OBJC_ROOT_CLASS = YES_ERROR;
				CLANG_WARN_QUOTED_INCLUDE_IN_FRAMEWORK_HEADER = YES;
				CLANG_WARN_RANGE_LOOP_ANALYSIS = YES;
				CLANG_WARN_STRICT_PROTOTYPES = YES;
				CLANG_WARN_SUSPICIOUS_MOVE = YES;
				CLANG_WARN_UNGUARDED_AVAILABILITY = YES_AGGRESSIVE;
				CLANG_WARN_UNREACHABLE_CODE = YES;
				CLANG_WARN__DUPLICATE_METHOD_MATCH = YES;
				COPY_PHASE_STRIP = NO;
				DEBUG_INFORMATION_FORMAT = "dwarf-with-dsym";
				ENABLE_NS_ASSERTIONS = NO;
				ENABLE_STRICT_OBJC_MSGSEND = YES;
				GCC_C_LANGUAGE_STANDARD = gnu11;
				GCC_NO_COMMON_BLOCKS = YES;
				GCC_WARN_64_TO_32_BIT_CONVERSION = YES;
				GCC_WARN_ABOUT_RETURN_TYPE = YES_ERROR;
				GCC_WARN_UNDECLARED_SELECTOR = YES;
				GCC_WARN_UNINITIALIZED_AUTOS = YES_AGGRESSIVE;
				GCC_WARN_UNUSED_FUNCTION = YES;
				GCC_WARN_UNUSED_VARIABLE = YES;
				IPHONEOS_DEPLOYMENT_TARGET = 16.2;
				MTL_ENABLE_DEBUG_INFO = NO;
				MTL_FAST_MATH = YES;
				SDKROOT = iphoneos;
				SWIFT_COMPILATION_MODE = wholemodule;
				SWIFT_OPTIMIZATION_LEVEL = "-O";
				VALIDATE_PRODUCT = YES;
			};
			name = Release;
		};
		33B8385C2A0D105400982627 /* Debug */ = {
			isa = XCBuildConfiguration;
			buildSettings = {
				ASSETCATALOG_COMPILER_APPICON_NAME = AppIcon;
				ASSETCATALOG_COMPILER_GLOBAL_ACCENT_COLOR_NAME = AccentColor;
				CODE_SIGN_STYLE = Automatic;
				CURRENT_PROJECT_VERSION = 1;
				DEVELOPMENT_TEAM = B9F5843XBM;
				GENERATE_INFOPLIST_FILE = YES;
				INFOPLIST_FILE = "iOS-AllFuncs/Info.plist";
				INFOPLIST_KEY_UIApplicationSupportsIndirectInputEvents = YES;
				INFOPLIST_KEY_UILaunchStoryboardName = LaunchScreen;
				INFOPLIST_KEY_UIMainStoryboardFile = Main;
				INFOPLIST_KEY_UISupportedInterfaceOrientations_iPad = "UIInterfaceOrientationPortrait UIInterfaceOrientationPortraitUpsideDown UIInterfaceOrientationLandscapeLeft UIInterfaceOrientationLandscapeRight";
				INFOPLIST_KEY_UISupportedInterfaceOrientations_iPhone = "UIInterfaceOrientationPortrait UIInterfaceOrientationLandscapeLeft UIInterfaceOrientationLandscapeRight";
				LD_RUNPATH_SEARCH_PATHS = (
					"$(inherited)",
					"@executable_path/Frameworks",
				);
				MARKETING_VERSION = 1.0;
				PRODUCT_BUNDLE_IDENTIFIER = "com.bo4maz.iOS-AllFuncs";
				PRODUCT_NAME = "$(TARGET_NAME)";
				SWIFT_EMIT_LOC_STRINGS = YES;
				SWIFT_VERSION = 5.0;
				TARGETED_DEVICE_FAMILY = "1,2";
			};
			name = Debug;
		};
		33B8385D2A0D105400982627 /* Release */ = {
			isa = XCBuildConfiguration;
			buildSettings = {
				ASSETCATALOG_COMPILER_APPICON_NAME = AppIcon;
				ASSETCATALOG_COMPILER_GLOBAL_ACCENT_COLOR_NAME = AccentColor;
				CODE_SIGN_STYLE = Automatic;
				CURRENT_PROJECT_VERSION = 1;
				DEVELOPMENT_TEAM = B9F5843XBM;
				GENERATE_INFOPLIST_FILE = YES;
				INFOPLIST_FILE = "iOS-AllFuncs/Info.plist";
				INFOPLIST_KEY_UIApplicationSupportsIndirectInputEvents = YES;
				INFOPLIST_KEY_UILaunchStoryboardName = LaunchScreen;
				INFOPLIST_KEY_UIMainStoryboardFile = Main;
				INFOPLIST_KEY_UISupportedInterfaceOrientations_iPad = "UIInterfaceOrientationPortrait UIInterfaceOrientationPortraitUpsideDown UIInterfaceOrientationLandscapeLeft UIInterfaceOrientationLandscapeRight";
				INFOPLIST_KEY_UISupportedInterfaceOrientations_iPhone = "UIInterfaceOrientationPortrait UIInterfaceOrientationLandscapeLeft UIInterfaceOrientationLandscapeRight";
				LD_RUNPATH_SEARCH_PATHS = (
					"$(inherited)",
					"@executable_path/Frameworks",
				);
				MARKETING_VERSION = 1.0;
				PRODUCT_BUNDLE_IDENTIFIER = "com.bo4maz.iOS-AllFuncs";
				PRODUCT_NAME = "$(TARGET_NAME)";
				SWIFT_EMIT_LOC_STRINGS = YES;
				SWIFT_VERSION = 5.0;
				TARGETED_DEVICE_FAMILY = "1,2";
			};
			name = Release;
		};
/* End XCBuildConfiguration section */

/* Begin XCConfigurationList section */
		33B838422A0D105200982627 /* Build configuration list for PBXProject "iOS-AllFuncs" */ = {
			isa = XCConfigurationList;
			buildConfigurations = (
				33B838592A0D105400982627 /* Debug */,
				33B8385A2A0D105400982627 /* Release */,
			);
			defaultConfigurationIsVisible = 0;
			defaultConfigurationName = Release;
		};
		33B8385B2A0D105400982627 /* Build configuration list for PBXNativeTarget "iOS-AllFuncs" */ = {
			isa = XCConfigurationList;
			buildConfigurations = (
				33B8385C2A0D105400982627 /* Debug */,
				33B8385D2A0D105400982627 /* Release */,
			);
			defaultConfigurationIsVisible = 0;
			defaultConfigurationName = Release;
		};
/* End XCConfigurationList section */
	};
	rootObject = 33B8383F2A0D105200982627 /* Project object */;
}
